# THIS IS AN AUTOGENERATED FILE. DO NOT EDIT THIS FILE DIRECTLY.
# yarn lockfile v1


"@types/node@10.12.27":
  version "10.12.27"
  resolved "https://registry.yarnpkg.com/@types/node/-/node-10.12.27.tgz#eb3843f15d0ba0986cc7e4d734d2ee8b50709ef8"
  integrity sha512-e9wgeY6gaY21on3ve0xAjgBVjGDWq/xUteK0ujsE53bUoxycMkqfnkUgMt6ffZtykZ5X12Mg3T7Pw4TRCObDKg==

typescript@3.3.3333:
  version "3.3.3333"
  resolved "https://registry.yarnpkg.com/typescript/-/typescript-3.3.3333.tgz#171b2c5af66c59e9431199117a3bcadc66fdcfd6"
  integrity sha512-JjSKsAfuHBE/fB2oZ8NxtRTk5iGcg6hkYXMnZ3Wc+b2RSqejEqTaem11mHASMnFilHrax3sLK0GDzcJrekZYLw==
